
Microsoft Visual Studio Solution File, Format Version 12.00
# Visual Studio 14
VisualStudioVersion = 14.0.25420.1
MinimumVisualStudioVersion = 10.0.40219.1
Project("{FAE04EC0-301F-11D3-BF4B-00C04F79EFBC}") = "UBS.FundManager.DataAccess", "UBS.FundManager.DataAccess\UBS.FundManager.DataAccess.csproj", "{A200DF97-F93C-4C36-BC4C-B334A3480276}"
EndProject
Project("{FAE04EC0-301F-11D3-BF4B-00C04F79EFBC}") = "UBS.FundManager.Common", "UBS.FundManager.Common\UBS.FundManager.Common.csproj", "{FA7E40C6-C5B1-4BE4-AE37-A2CE6957A9CA}"
EndProject
Project("{FAE04EC0-301F-11D3-BF4B-00C04F79EFBC}") = "UBS.FundManager.Service", "UBS.FundManager.Service\UBS.FundManager.Service.csproj", "{C4FAC7CA-1577-4C57-BB08-60E05F3215B5}"
EndProject
Project("{FAE04EC0-301F-11D3-BF4B-00C04F79EFBC}") = "UBS.FundManager.UI", "UBS.FundManager.UI\UBS.FundManager.UI.csproj", "{4C4CB207-3322-4B20-8324-D9A8A7DBCF25}"
EndProject
Project("{CC5FD16D-436D-48AD-A40C-5A424C6E3E79}") = "UBS.FundManager.CloudService", "UBS.FundManager.CloudService\UBS.FundManager.CloudService.ccproj", "{C5ABE4B2-03AB-4E5F-89F0-438B120C13CA}"
EndProject
Project("{FAE04EC0-301F-11D3-BF4B-00C04F79EFBC}") = "UBS.FundManager.CloudService.Worker", "UBS.FundManager.CloudService.Worker\UBS.FundManager.CloudService.Worker.csproj", "{7D429365-C57C-46D2-A836-101DC23F1B14}"
EndProject
Project("{2150E333-8FDC-42A3-9474-1A3956D46DE8}") = "UBS.FundManager.UISuite", "UBS.FundManager.UISuite", "{4F452A76-FEA6-4FC8-A0A6-ADF11F9AB1B7}"
EndProject
Project("{FAE04EC0-301F-11D3-BF4B-00C04F79EFBC}") = "UBS.FundManager.UI.FundModule", "UBS.FundManager.UI.FundModule\UBS.FundManager.UI.FundModule.csproj", "{AB8B448C-DD74-4D60-A041-3E5D03A32180}"
EndProject
Project("{2150E333-8FDC-42A3-9474-1A3956D46DE8}") = "UBS.FundManager.MessagingLibrary", "UBS.FundManager.MessagingLibrary", "{B1E03DDC-BAA9-4874-9E21-E0404887C26B}"
EndProject
Project("{FAE04EC0-301F-11D3-BF4B-00C04F79EFBC}") = "UBS.FundManager.Messaging", "UBS.FundManager.Messaging\UBS.FundManager.Messaging.csproj", "{6AC8D07D-AAB5-4982-92C7-6F28761E30BA}"
EndProject
Project("{FAE04EC0-301F-11D3-BF4B-00C04F79EFBC}") = "UBS.FundManager.Tests", "UBS.FundManager.Tests\UBS.FundManager.Tests.csproj", "{C2318044-B204-42E1-AC63-689A77021383}"
EndProject
Global
	GlobalSection(SolutionConfigurationPlatforms) = preSolution
		Debug|Any CPU = Debug|Any CPU
		Debug|x64 = Debug|x64
		Debug|x86 = Debug|x86
		Release|Any CPU = Release|Any CPU
		Release|x64 = Release|x64
		Release|x86 = Release|x86
	EndGlobalSection
	GlobalSection(ProjectConfigurationPlatforms) = postSolution
		{A200DF97-F93C-4C36-BC4C-B334A3480276}.Debug|Any CPU.ActiveCfg = Debug|Any CPU
		{A200DF97-F93C-4C36-BC4C-B334A3480276}.Debug|Any CPU.Build.0 = Debug|Any CPU
		{A200DF97-F93C-4C36-BC4C-B334A3480276}.Debug|x64.ActiveCfg = Debug|x64
		{A200DF97-F93C-4C36-BC4C-B334A3480276}.Debug|x64.Build.0 = Debug|x64
		{A200DF97-F93C-4C36-BC4C-B334A3480276}.Debug|x86.ActiveCfg = Debug|x86
		{A200DF97-F93C-4C36-BC4C-B334A3480276}.Debug|x86.Build.0 = Debug|x86
		{A200DF97-F93C-4C36-BC4C-B334A3480276}.Release|Any CPU.ActiveCfg = Release|Any CPU
		{A200DF97-F93C-4C36-BC4C-B334A3480276}.Release|Any CPU.Build.0 = Release|Any CPU
		{A200DF97-F93C-4C36-BC4C-B334A3480276}.Release|x64.ActiveCfg = Release|x64
		{A200DF97-F93C-4C36-BC4C-B334A3480276}.Release|x64.Build.0 = Release|x64
		{A200DF97-F93C-4C36-BC4C-B334A3480276}.Release|x86.ActiveCfg = Release|x86
		{A200DF97-F93C-4C36-BC4C-B334A3480276}.Release|x86.Build.0 = Release|x86
		{FA7E40C6-C5B1-4BE4-AE37-A2CE6957A9CA}.Debug|Any CPU.ActiveCfg = Debug|Any CPU
		{FA7E40C6-C5B1-4BE4-AE37-A2CE6957A9CA}.Debug|Any CPU.Build.0 = Debug|Any CPU
		{FA7E40C6-C5B1-4BE4-AE37-A2CE6957A9CA}.Debug|x64.ActiveCfg = Debug|x64
		{FA7E40C6-C5B1-4BE4-AE37-A2CE6957A9CA}.Debug|x64.Build.0 = Debug|x64
		{FA7E40C6-C5B1-4BE4-AE37-A2CE6957A9CA}.Debug|x86.ActiveCfg = Debug|x86
		{FA7E40C6-C5B1-4BE4-AE37-A2CE6957A9CA}.Debug|x86.Build.0 = Debug|x86
		{FA7E40C6-C5B1-4BE4-AE37-A2CE6957A9CA}.Release|Any CPU.ActiveCfg = Release|Any CPU
		{FA7E40C6-C5B1-4BE4-AE37-A2CE6957A9CA}.Release|Any CPU.Build.0 = Release|Any CPU
		{FA7E40C6-C5B1-4BE4-AE37-A2CE6957A9CA}.Release|x64.ActiveCfg = Release|x64
		{FA7E40C6-C5B1-4BE4-AE37-A2CE6957A9CA}.Release|x64.Build.0 = Release|x64
		{FA7E40C6-C5B1-4BE4-AE37-A2CE6957A9CA}.Release|x86.ActiveCfg = Release|x86
		{FA7E40C6-C5B1-4BE4-AE37-A2CE6957A9CA}.Release|x86.Build.0 = Release|x86
		{C4FAC7CA-1577-4C57-BB08-60E05F3215B5}.Debug|Any CPU.ActiveCfg = Debug|Any CPU
		{C4FAC7CA-1577-4C57-BB08-60E05F3215B5}.Debug|Any CPU.Build.0 = Debug|Any CPU
		{C4FAC7CA-1577-4C57-BB08-60E05F3215B5}.Debug|x64.ActiveCfg = Debug|x64
		{C4FAC7CA-1577-4C57-BB08-60E05F3215B5}.Debug|x64.Build.0 = Debug|x64
		{C4FAC7CA-1577-4C57-BB08-60E05F3215B5}.Debug|x86.ActiveCfg = Debug|x86
		{C4FAC7CA-1577-4C57-BB08-60E05F3215B5}.Debug|x86.Build.0 = Debug|x86
		{C4FAC7CA-1577-4C57-BB08-60E05F3215B5}.Release|Any CPU.ActiveCfg = Release|Any CPU
		{C4FAC7CA-1577-4C57-BB08-60E05F3215B5}.Release|Any CPU.Build.0 = Release|Any CPU
		{C4FAC7CA-1577-4C57-BB08-60E05F3215B5}.Release|x64.ActiveCfg = Release|x64
		{C4FAC7CA-1577-4C57-BB08-60E05F3215B5}.Release|x64.Build.0 = Release|x64
		{C4FAC7CA-1577-4C57-BB08-60E05F3215B5}.Release|x86.ActiveCfg = Release|x86
		{C4FAC7CA-1577-4C57-BB08-60E05F3215B5}.Release|x86.Build.0 = Release|x86
		{4C4CB207-3322-4B20-8324-D9A8A7DBCF25}.Debug|Any CPU.ActiveCfg = Debug|Any CPU
		{4C4CB207-3322-4B20-8324-D9A8A7DBCF25}.Debug|Any CPU.Build.0 = Debug|Any CPU
		{4C4CB207-3322-4B20-8324-D9A8A7DBCF25}.Debug|x64.ActiveCfg = Debug|x64
		{4C4CB207-3322-4B20-8324-D9A8A7DBCF25}.Debug|x64.Build.0 = Debug|x64
		{4C4CB207-3322-4B20-8324-D9A8A7DBCF25}.Debug|x86.ActiveCfg = Debug|x86
		{4C4CB207-3322-4B20-8324-D9A8A7DBCF25}.Debug|x86.Build.0 = Debug|x86
		{4C4CB207-3322-4B20-8324-D9A8A7DBCF25}.Release|Any CPU.ActiveCfg = Release|Any CPU
		{4C4CB207-3322-4B20-8324-D9A8A7DBCF25}.Release|Any CPU.Build.0 = Release|Any CPU
		{4C4CB207-3322-4B20-8324-D9A8A7DBCF25}.Release|x64.ActiveCfg = Release|x64
		{4C4CB207-3322-4B20-8324-D9A8A7DBCF25}.Release|x64.Build.0 = Release|x64
		{4C4CB207-3322-4B20-8324-D9A8A7DBCF25}.Release|x86.ActiveCfg = Release|x86
		{4C4CB207-3322-4B20-8324-D9A8A7DBCF25}.Release|x86.Build.0 = Release|x86
		{C5ABE4B2-03AB-4E5F-89F0-438B120C13CA}.Debug|Any CPU.ActiveCfg = Debug|Any CPU
		{C5ABE4B2-03AB-4E5F-89F0-438B120C13CA}.Debug|Any CPU.Build.0 = Debug|Any CPU
		{C5ABE4B2-03AB-4E5F-89F0-438B120C13CA}.Debug|x64.ActiveCfg = Debug|Any CPU
		{C5ABE4B2-03AB-4E5F-89F0-438B120C13CA}.Debug|x64.Build.0 = Debug|Any CPU
		{C5ABE4B2-03AB-4E5F-89F0-438B120C13CA}.Debug|x86.ActiveCfg = Debug|Any CPU
		{C5ABE4B2-03AB-4E5F-89F0-438B120C13CA}.Debug|x86.Build.0 = Debug|Any CPU
		{C5ABE4B2-03AB-4E5F-89F0-438B120C13CA}.Release|Any CPU.ActiveCfg = Release|Any CPU
		{C5ABE4B2-03AB-4E5F-89F0-438B120C13CA}.Release|Any CPU.Build.0 = Release|Any CPU
		{C5ABE4B2-03AB-4E5F-89F0-438B120C13CA}.Release|x64.ActiveCfg = Release|Any CPU
		{C5ABE4B2-03AB-4E5F-89F0-438B120C13CA}.Release|x64.Build.0 = Release|Any CPU
		{C5ABE4B2-03AB-4E5F-89F0-438B120C13CA}.Release|x86.ActiveCfg = Release|Any CPU
		{C5ABE4B2-03AB-4E5F-89F0-438B120C13CA}.Release|x86.Build.0 = Release|Any CPU
		{7D429365-C57C-46D2-A836-101DC23F1B14}.Debug|Any CPU.ActiveCfg = Debug|Any CPU
		{7D429365-C57C-46D2-A836-101DC23F1B14}.Debug|Any CPU.Build.0 = Debug|Any CPU
		{7D429365-C57C-46D2-A836-101DC23F1B14}.Debug|x64.ActiveCfg = Debug|x64
		{7D429365-C57C-46D2-A836-101DC23F1B14}.Debug|x64.Build.0 = Debug|x64
		{7D429365-C57C-46D2-A836-101DC23F1B14}.Debug|x86.ActiveCfg = Debug|x86
		{7D429365-C57C-46D2-A836-101DC23F1B14}.Debug|x86.Build.0 = Debug|x86
		{7D429365-C57C-46D2-A836-101DC23F1B14}.Release|Any CPU.ActiveCfg = Release|Any CPU
		{7D429365-C57C-46D2-A836-101DC23F1B14}.Release|Any CPU.Build.0 = Release|Any CPU
		{7D429365-C57C-46D2-A836-101DC23F1B14}.Release|x64.ActiveCfg = Release|x64
		{7D429365-C57C-46D2-A836-101DC23F1B14}.Release|x64.Build.0 = Release|x64
		{7D429365-C57C-46D2-A836-101DC23F1B14}.Release|x86.ActiveCfg = Release|x86
		{7D429365-C57C-46D2-A836-101DC23F1B14}.Release|x86.Build.0 = Release|x86
		{AB8B448C-DD74-4D60-A041-3E5D03A32180}.Debug|Any CPU.ActiveCfg = Debug|Any CPU
		{AB8B448C-DD74-4D60-A041-3E5D03A32180}.Debug|Any CPU.Build.0 = Debug|Any CPU
		{AB8B448C-DD74-4D60-A041-3E5D03A32180}.Debug|x64.ActiveCfg = Debug|x64
		{AB8B448C-DD74-4D60-A041-3E5D03A32180}.Debug|x64.Build.0 = Debug|x64
		{AB8B448C-DD74-4D60-A041-3E5D03A32180}.Debug|x86.ActiveCfg = Debug|x86
		{AB8B448C-DD74-4D60-A041-3E5D03A32180}.Debug|x86.Build.0 = Debug|x86
		{AB8B448C-DD74-4D60-A041-3E5D03A32180}.Release|Any CPU.ActiveCfg = Release|Any CPU
		{AB8B448C-DD74-4D60-A041-3E5D03A32180}.Release|Any CPU.Build.0 = Release|Any CPU
		{AB8B448C-DD74-4D60-A041-3E5D03A32180}.Release|x64.ActiveCfg = Release|x64
		{AB8B448C-DD74-4D60-A041-3E5D03A32180}.Release|x64.Build.0 = Release|x64
		{AB8B448C-DD74-4D60-A041-3E5D03A32180}.Release|x86.ActiveCfg = Release|x86
		{AB8B448C-DD74-4D60-A041-3E5D03A32180}.Release|x86.Build.0 = Release|x86
		{6AC8D07D-AAB5-4982-92C7-6F28761E30BA}.Debug|Any CPU.ActiveCfg = Debug|Any CPU
		{6AC8D07D-AAB5-4982-92C7-6F28761E30BA}.Debug|Any CPU.Build.0 = Debug|Any CPU
		{6AC8D07D-AAB5-4982-92C7-6F28761E30BA}.Debug|x64.ActiveCfg = Debug|Any CPU
		{6AC8D07D-AAB5-4982-92C7-6F28761E30BA}.Debug|x64.Build.0 = Debug|Any CPU
		{6AC8D07D-AAB5-4982-92C7-6F28761E30BA}.Debug|x86.ActiveCfg = Debug|Any CPU
		{6AC8D07D-AAB5-4982-92C7-6F28761E30BA}.Debug|x86.Build.0 = Debug|Any CPU
		{6AC8D07D-AAB5-4982-92C7-6F28761E30BA}.Release|Any CPU.ActiveCfg = Release|Any CPU
		{6AC8D07D-AAB5-4982-92C7-6F28761E30BA}.Release|Any CPU.Build.0 = Release|Any CPU
		{6AC8D07D-AAB5-4982-92C7-6F28761E30BA}.Release|x64.ActiveCfg = Release|Any CPU
		{6AC8D07D-AAB5-4982-92C7-6F28761E30BA}.Release|x64.Build.0 = Release|Any CPU
		{6AC8D07D-AAB5-4982-92C7-6F28761E30BA}.Release|x86.ActiveCfg = Release|Any CPU
		{6AC8D07D-AAB5-4982-92C7-6F28761E30BA}.Release|x86.Build.0 = Release|Any CPU
		{C2318044-B204-42E1-AC63-689A77021383}.Debug|Any CPU.ActiveCfg = Debug|Any CPU
		{C2318044-B204-42E1-AC63-689A77021383}.Debug|Any CPU.Build.0 = Debug|Any CPU
		{C2318044-B204-42E1-AC63-689A77021383}.Debug|x64.ActiveCfg = Debug|Any CPU
		{C2318044-B204-42E1-AC63-689A77021383}.Debug|x64.Build.0 = Debug|Any CPU
		{C2318044-B204-42E1-AC63-689A77021383}.Debug|x86.ActiveCfg = Debug|Any CPU
		{C2318044-B204-42E1-AC63-689A77021383}.Debug|x86.Build.0 = Debug|Any CPU
		{C2318044-B204-42E1-AC63-689A77021383}.Release|Any CPU.ActiveCfg = Release|Any CPU
		{C2318044-B204-42E1-AC63-689A77021383}.Release|Any CPU.Build.0 = Release|Any CPU
		{C2318044-B204-42E1-AC63-689A77021383}.Release|x64.ActiveCfg = Release|Any CPU
		{C2318044-B204-42E1-AC63-689A77021383}.Release|x64.Build.0 = Release|Any CPU
		{C2318044-B204-42E1-AC63-689A77021383}.Release|x86.ActiveCfg = Release|Any CPU
		{C2318044-B204-42E1-AC63-689A77021383}.Release|x86.Build.0 = Release|Any CPU
	EndGlobalSection
	GlobalSection(SolutionProperties) = preSolution
		HideSolutionNode = FALSE
	EndGlobalSection
	GlobalSection(NestedProjects) = preSolution
		{4C4CB207-3322-4B20-8324-D9A8A7DBCF25} = {4F452A76-FEA6-4FC8-A0A6-ADF11F9AB1B7}
		{AB8B448C-DD74-4D60-A041-3E5D03A32180} = {4F452A76-FEA6-4FC8-A0A6-ADF11F9AB1B7}
		{6AC8D07D-AAB5-4982-92C7-6F28761E30BA} = {B1E03DDC-BAA9-4874-9E21-E0404887C26B}
	EndGlobalSection
EndGlobal
